
Microsoft Visual Studio Solution File, Format Version 12.00
# Visual Studio Express 2013 for Windows Desktop
VisualStudioVersion = 12.0.31101.0
MinimumVisualStudioVersion = 10.0.40219.1
Project("{FAE04EC0-301F-11D3-BF4B-00C04F79EFBC}") = "StorageCore", "StorageCore\StorageCore.csproj", "{A4F42044-8545-44CE-B375-46F903C07EB2}"
EndProject
Project("{FAE04EC0-301F-11D3-BF4B-00C04F79EFBC}") = "StorageView", "StorageIO\StorageView.csproj", "{1536FE4E-6E55-42B3-89A9-3680D362D1B5}"
EndProject
Project("{FAE04EC0-301F-11D3-BF4B-00C04F79EFBC}") = "StorageModel", "StorageModel\StorageModel.csproj", "{B52E3590-F3C2-4C14-9F93-465B72372A49}"
EndProject
Project("{FAE04EC0-301F-11D3-BF4B-00C04F79EFBC}") = "StoragePresenter", "StoragePresenter\StoragePresenter.csproj", "{1079BD93-1248-431A-99F4-24DA3DA657E5}"
EndProject
Global
	GlobalSection(SolutionConfigurationPlatforms) = preSolution
		Debug|Any CPU = Debug|Any CPU
		Release|Any CPU = Release|Any CPU
	EndGlobalSection
	GlobalSection(ProjectConfigurationPlatforms) = postSolution
		{A4F42044-8545-44CE-B375-46F903C07EB2}.Debug|Any CPU.ActiveCfg = Debug|Any CPU
		{A4F42044-8545-44CE-B375-46F903C07EB2}.Debug|Any CPU.Build.0 = Debug|Any CPU
		{A4F42044-8545-44CE-B375-46F903C07EB2}.Release|Any CPU.ActiveCfg = Release|Any CPU
		{A4F42044-8545-44CE-B375-46F903C07EB2}.Release|Any CPU.Build.0 = Release|Any CPU
		{1536FE4E-6E55-42B3-89A9-3680D362D1B5}.Debug|Any CPU.ActiveCfg = Debug|Any CPU
		{1536FE4E-6E55-42B3-89A9-3680D362D1B5}.Debug|Any CPU.Build.0 = Debug|Any CPU
		{1536FE4E-6E55-42B3-89A9-3680D362D1B5}.Release|Any CPU.ActiveCfg = Release|Any CPU
		{1536FE4E-6E55-42B3-89A9-3680D362D1B5}.Release|Any CPU.Build.0 = Release|Any CPU
		{B52E3590-F3C2-4C14-9F93-465B72372A49}.Debug|Any CPU.ActiveCfg = Debug|Any CPU
		{B52E3590-F3C2-4C14-9F93-465B72372A49}.Debug|Any CPU.Build.0 = Debug|Any CPU
		{B52E3590-F3C2-4C14-9F93-465B72372A49}.Release|Any CPU.ActiveCfg = Release|Any CPU
		{B52E3590-F3C2-4C14-9F93-465B72372A49}.Release|Any CPU.Build.0 = Release|Any CPU
		{1079BD93-1248-431A-99F4-24DA3DA657E5}.Debug|Any CPU.ActiveCfg = Debug|Any CPU
		{1079BD93-1248-431A-99F4-24DA3DA657E5}.Debug|Any CPU.Build.0 = Debug|Any CPU
		{1079BD93-1248-431A-99F4-24DA3DA657E5}.Release|Any CPU.ActiveCfg = Release|Any CPU
		{1079BD93-1248-431A-99F4-24DA3DA657E5}.Release|Any CPU.Build.0 = Release|Any CPU
	EndGlobalSection
	GlobalSection(SolutionProperties) = preSolution
		HideSolutionNode = FALSE
	EndGlobalSection
EndGlobal
